{
  "version": 4,
  "terraform_version": "1.3.4",
  "serial": 3,
  "lineage": "89b43c41-0f77-e359-e0fa-ec011be1a3c9",
  "outputs": {},
  "resources": [
    {
      "mode": "managed",
      "type": "local_file",
      "name": "animal",
      "provider": "provider[\"registry.terraform.io/hashicorp/local\"]",
      "instances": [
        {
          "schema_version": 0,
          "attributes": {
            "content": "ghodo",
            "content_base64": null,
            "directory_permission": "0777",
            "file_permission": "0777",
            "filename": "D:/DevOps/TF/horse.txt",
            "id": "d35654b64b2f1f7a57fff37c858fabcf089ded2b",
            "sensitive_content": null,
            "source": null
          },
          "sensitive_attributes": [],
          "private": "bnVsbA=="
        }
      ]
    },
    {
      "mode": "managed",
      "type": "local_file",
      "name": "game",
      "provider": "provider[\"registry.terraform.io/hashicorp/local\"]",
      "instances": [
        {
          "schema_version": 0,
          "attributes": {
            "content": "foot",
            "content_base64": null,
            "directory_permission": "0777",
            "file_permission": "0777",
            "filename": "D:/DevOps/TF/games",
            "id": "32cb9138ce24c9c5d1917211aec19ba409d84f98",
            "sensitive_content": null,
            "source": null
          },
          "sensitive_attributes": [],
          "private": "bnVsbA=="
        }
      ]
    }
  ],
  "check_results": null
}
